
Microsoft Visual Studio Solution File, Format Version 12.00
# Visual Studio Version 17
VisualStudioVersion = 17.9.34723.18
MinimumVisualStudioVersion = 10.0.40219.1
Project("{FAE04EC0-301F-11D3-BF4B-00C04F79EFBC}") = "VoiceTexterBot", "VoiceTexterBot\VoiceTexterBot.csproj", "{C6DE1600-A8F7-4D62-9EB7-87B9571F4631}"
EndProject
Global
	GlobalSection(SolutionConfigurationPlatforms) = preSolution
		Debug|Any CPU = Debug|Any CPU
		Release|Any CPU = Release|Any CPU
	EndGlobalSection
	GlobalSection(ProjectConfigurationPlatforms) = postSolution
		{C6DE1600-A8F7-4D62-9EB7-87B9571F4631}.Debug|Any CPU.ActiveCfg = Debug|Any CPU
		{C6DE1600-A8F7-4D62-9EB7-87B9571F4631}.Debug|Any CPU.Build.0 = Debug|Any CPU
		{C6DE1600-A8F7-4D62-9EB7-87B9571F4631}.Release|Any CPU.ActiveCfg = Release|Any CPU
		{C6DE1600-A8F7-4D62-9EB7-87B9571F4631}.Release|Any CPU.Build.0 = Release|Any CPU
	EndGlobalSection
	GlobalSection(SolutionProperties) = preSolution
		HideSolutionNode = FALSE
	EndGlobalSection
	GlobalSection(ExtensibilityGlobals) = postSolution
		SolutionGuid = {3263B5D1-B9DC-4BD1-9F79-70767D979400}
	EndGlobalSection
EndGlobal
